{
  "dependencies": {
    "eventsource": {
      "version": "0.2.1",
      "resolved": "https://registry.npmjs.org/eventsource/-/eventsource-0.2.1.tgz",
      "from": "https://registry.npmjs.org/eventsource/-/eventsource-0.2.1.tgz",
      "dependencies": {
        "original": {
          "version": "1.0.0",
          "resolved": "https://registry.npmjs.org/original/-/original-1.0.0.tgz",
          "from": "https://registry.npmjs.org/original/-/original-1.0.0.tgz",
          "dependencies": {
            "url-parse": {
              "version": "1.0.5",
              "resolved": "https://registry.npmjs.org/url-parse/-/url-parse-1.0.5.tgz",
              "from": "https://registry.npmjs.org/url-parse/-/url-parse-1.0.5.tgz",
              "dependencies": {
                "querystringify": {
                  "version": "0.0.3",
                  "resolved": "https://registry.npmjs.org/querystringify/-/querystringify-0.0.3.tgz",
                  "from": "https://registry.npmjs.org/querystringify/-/querystringify-0.0.3.tgz"
                },
                "requires-port": {
                  "version": "1.0.0",
                  "resolved": "https://registry.npmjs.org/requires-port/-/requires-port-1.0.0.tgz",
                  "from": "https://registry.npmjs.org/requires-port/-/requires-port-1.0.0.tgz"
                }
              }
            }
          }
        }
      }
    }
  }
}
